// !$*UTF8*$!
{
	archiveVersion = 1;
	classes = {
	};
	objectVersion = 46;
	objects = {

/* Begin PBXBuildFile section */
		3A5222E31CA43F5D001BD1C7 /* AVOSCloudSNS.m in Sources */ = {isa = PBXBuildFile; fileRef = 3A5222D31CA43F5D001BD1C7 /* AVOSCloudSNS.m */; };
		3A5222E41CA43F5D001BD1C7 /* AVOSCloudSNSUtils.m in Sources */ = {isa = PBXBuildFile; fileRef = 3A5222D61CA43F5D001BD1C7 /* AVOSCloudSNSUtils.m */; };
		3A5222E51CA43F5D001BD1C7 /* AVSNSHttpClient.m in Sources */ = {isa = PBXBuildFile; fileRef = 3A5222D81CA43F5D001BD1C7 /* AVSNSHttpClient.m */; };
		3A5222E61CA43F5D001BD1C7 /* AVSNSLoginViewController.m in Sources */ = {isa = PBXBuildFile; fileRef = 3A5222DA1CA43F5D001BD1C7 /* AVSNSLoginViewController.m */; };
		3A5222E71CA43F5D001BD1C7 /* AVSNSWebViewController.m in Sources */ = {isa = PBXBuildFile; fileRef = 3A5222DC1CA43F5D001BD1C7 /* AVSNSWebViewController.m */; };
		3A5222E81CA43F5D001BD1C7 /* AVUser+SNS.m in Sources */ = {isa = PBXBuildFile; fileRef = 3A5222DE1CA43F5D001BD1C7 /* AVUser+SNS.m */; };
		3A5222E91CA43F5D001BD1C7 /* AVWebViewController.m in Sources */ = {isa = PBXBuildFile; fileRef = 3A5222E01CA43F5D001BD1C7 /* AVWebViewController.m */; };
		3A5222EA1CA43F5D001BD1C7 /* NSURL+AVAdditions.m in Sources */ = {isa = PBXBuildFile; fileRef = 3A5222E21CA43F5D001BD1C7 /* NSURL+AVAdditions.m */; };
		3AA77E341CA3F3DB0044D290 /* AppDelegate.swift in Sources */ = {isa = PBXBuildFile; fileRef = 3AA77E331CA3F3DB0044D290 /* AppDelegate.swift */; };
		3AA77E361CA3F3DB0044D290 /* ViewController.swift in Sources */ = {isa = PBXBuildFile; fileRef = 3AA77E351CA3F3DB0044D290 /* ViewController.swift */; };
		3AA77E391CA3F3DB0044D290 /* Main.storyboard in Resources */ = {isa = PBXBuildFile; fileRef = 3AA77E371CA3F3DB0044D290 /* Main.storyboard */; };
		3AA77E3B1CA3F3DB0044D290 /* Assets.xcassets in Resources */ = {isa = PBXBuildFile; fileRef = 3AA77E3A1CA3F3DB0044D290 /* Assets.xcassets */; };
		3AA77E3E1CA3F3DB0044D290 /* LaunchScreen.storyboard in Resources */ = {isa = PBXBuildFile; fileRef = 3AA77E3C1CA3F3DB0044D290 /* LaunchScreen.storyboard */; };
		555C3C612A948AD783DD1DD7 /* Pods.framework in Frameworks */ = {isa = PBXBuildFile; fileRef = E855B2F701DA261C2B869F93 /* Pods.framework */; };
		AA5E758D7F22F8C0E41B2C80 /* Pods_travel.framework in Frameworks */ = {isa = PBXBuildFile; fileRef = 1B03740BA26A2CEF045224D0 /* Pods_travel.framework */; };
/* End PBXBuildFile section */

/* Begin PBXFileReference section */
		1B03740BA26A2CEF045224D0 /* Pods_travel.framework */ = {isa = PBXFileReference; explicitFileType = wrapper.framework; includeInIndex = 0; path = Pods_travel.framework; sourceTree = BUILT_PRODUCTS_DIR; };
		3A5222CE1CA42FA7001BD1C7 /* travel-Bridging-Header.h */ = {isa = PBXFileReference; fileEncoding = 4; lastKnownFileType = sourcecode.c.h; path = "travel-Bridging-Header.h"; sourceTree = "<group>"; };
		3A5222CF1CA43E74001BD1C7 /* Pods_travel.framework */ = {isa = PBXFileReference; lastKnownFileType = wrapper.framework; name = Pods_travel.framework; path = "Pods/../build/Debug-iphoneos/Pods_travel.framework"; sourceTree = "<group>"; };
		3A5222D21CA43F5D001BD1C7 /* AVOSCloudSNS.h */ = {isa = PBXFileReference; fileEncoding = 4; lastKnownFileType = sourcecode.c.h; path = AVOSCloudSNS.h; sourceTree = "<group>"; };
		3A5222D31CA43F5D001BD1C7 /* AVOSCloudSNS.m */ = {isa = PBXFileReference; fileEncoding = 4; lastKnownFileType = sourcecode.c.objc; path = AVOSCloudSNS.m; sourceTree = "<group>"; };
		3A5222D41CA43F5D001BD1C7 /* AVOSCloudSNS_.h */ = {isa = PBXFileReference; fileEncoding = 4; lastKnownFileType = sourcecode.c.h; path = AVOSCloudSNS_.h; sourceTree = "<group>"; };
		3A5222D51CA43F5D001BD1C7 /* AVOSCloudSNSUtils.h */ = {isa = PBXFileReference; fileEncoding = 4; lastKnownFileType = sourcecode.c.h; path = AVOSCloudSNSUtils.h; sourceTree = "<group>"; };
		3A5222D61CA43F5D001BD1C7 /* AVOSCloudSNSUtils.m */ = {isa = PBXFileReference; fileEncoding = 4; lastKnownFileType = sourcecode.c.objc; path = AVOSCloudSNSUtils.m; sourceTree = "<group>"; };
		3A5222D71CA43F5D001BD1C7 /* AVSNSHttpClient.h */ = {isa = PBXFileReference; fileEncoding = 4; lastKnownFileType = sourcecode.c.h; path = AVSNSHttpClient.h; sourceTree = "<group>"; };
		3A5222D81CA43F5D001BD1C7 /* AVSNSHttpClient.m */ = {isa = PBXFileReference; fileEncoding = 4; lastKnownFileType = sourcecode.c.objc; path = AVSNSHttpClient.m; sourceTree = "<group>"; };
		3A5222D91CA43F5D001BD1C7 /* AVSNSLoginViewController.h */ = {isa = PBXFileReference; fileEncoding = 4; lastKnownFileType = sourcecode.c.h; path = AVSNSLoginViewController.h; sourceTree = "<group>"; };
		3A5222DA1CA43F5D001BD1C7 /* AVSNSLoginViewController.m */ = {isa = PBXFileReference; fileEncoding = 4; lastKnownFileType = sourcecode.c.objc; path = AVSNSLoginViewController.m; sourceTree = "<group>"; };
		3A5222DB1CA43F5D001BD1C7 /* AVSNSWebViewController.h */ = {isa = PBXFileReference; fileEncoding = 4; lastKnownFileType = sourcecode.c.h; path = AVSNSWebViewController.h; sourceTree = "<group>"; };
		3A5222DC1CA43F5D001BD1C7 /* AVSNSWebViewController.m */ = {isa = PBXFileReference; fileEncoding = 4; lastKnownFileType = sourcecode.c.objc; path = AVSNSWebViewController.m; sourceTree = "<group>"; };
		3A5222DD1CA43F5D001BD1C7 /* AVUser+SNS.h */ = {isa = PBXFileReference; fileEncoding = 4; lastKnownFileType = sourcecode.c.h; path = "AVUser+SNS.h"; sourceTree = "<group>"; };
		3A5222DE1CA43F5D001BD1C7 /* AVUser+SNS.m */ = {isa = PBXFileReference; fileEncoding = 4; lastKnownFileType = sourcecode.c.objc; path = "AVUser+SNS.m"; sourceTree = "<group>"; };
		3A5222DF1CA43F5D001BD1C7 /* AVWebViewController.h */ = {isa = PBXFileReference; fileEncoding = 4; lastKnownFileType = sourcecode.c.h; path = AVWebViewController.h; sourceTree = "<group>"; };
		3A5222E01CA43F5D001BD1C7 /* AVWebViewController.m */ = {isa = PBXFileReference; fileEncoding = 4; lastKnownFileType = sourcecode.c.objc; path = AVWebViewController.m; sourceTree = "<group>"; };
		3A5222E11CA43F5D001BD1C7 /* NSURL+AVAdditions.h */ = {isa = PBXFileReference; fileEncoding = 4; lastKnownFileType = sourcecode.c.h; path = "NSURL+AVAdditions.h"; sourceTree = "<group>"; };
		3A5222E21CA43F5D001BD1C7 /* NSURL+AVAdditions.m */ = {isa = PBXFileReference; fileEncoding = 4; lastKnownFileType = sourcecode.c.objc; path = "NSURL+AVAdditions.m"; sourceTree = "<group>"; };
		3AA77E301CA3F3DB0044D290 /* travel.app */ = {isa = PBXFileReference; explicitFileType = wrapper.application; includeInIndex = 0; path = travel.app; sourceTree = BUILT_PRODUCTS_DIR; };
		3AA77E331CA3F3DB0044D290 /* AppDelegate.swift */ = {isa = PBXFileReference; lastKnownFileType = sourcecode.swift; path = AppDelegate.swift; sourceTree = "<group>"; };
		3AA77E351CA3F3DB0044D290 /* ViewController.swift */ = {isa = PBXFileReference; lastKnownFileType = sourcecode.swift; path = ViewController.swift; sourceTree = "<group>"; };
		3AA77E381CA3F3DB0044D290 /* Base */ = {isa = PBXFileReference; lastKnownFileType = file.storyboard; name = Base; path = Base.lproj/Main.storyboard; sourceTree = "<group>"; };
		3AA77E3A1CA3F3DB0044D290 /* Assets.xcassets */ = {isa = PBXFileReference; lastKnownFileType = folder.assetcatalog; path = Assets.xcassets; sourceTree = "<group>"; };
		3AA77E3D1CA3F3DB0044D290 /* Base */ = {isa = PBXFileReference; lastKnownFileType = file.storyboard; name = Base; path = Base.lproj/LaunchScreen.storyboard; sourceTree = "<group>"; };
		3AA77E3F1CA3F3DB0044D290 /* Info.plist */ = {isa = PBXFileReference; lastKnownFileType = text.plist.xml; path = Info.plist; sourceTree = "<group>"; };
		D3049DF968A66FF18CC58EFE /* Pods.release.xcconfig */ = {isa = PBXFileReference; includeInIndex = 1; lastKnownFileType = text.xcconfig; name = Pods.release.xcconfig; path = "Pods/Target Support Files/Pods/Pods.release.xcconfig"; sourceTree = "<group>"; };
		E855B2F701DA261C2B869F93 /* Pods.framework */ = {isa = PBXFileReference; explicitFileType = wrapper.framework; includeInIndex = 0; path = Pods.framework; sourceTree = BUILT_PRODUCTS_DIR; };
		EFEB44FD2B420B46E32A88A6 /* Pods.debug.xcconfig */ = {isa = PBXFileReference; includeInIndex = 1; lastKnownFileType = text.xcconfig; name = Pods.debug.xcconfig; path = "Pods/Target Support Files/Pods/Pods.debug.xcconfig"; sourceTree = "<group>"; };
/* End PBXFileReference section */

/* Begin PBXFrameworksBuildPhase section */
		3AA77E2D1CA3F3DB0044D290 /* Frameworks */ = {
			isa = PBXFrameworksBuildPhase;
			buildActionMask = 2147483647;
			files = (
				555C3C612A948AD783DD1DD7 /* Pods.framework in Frameworks */,
				AA5E758D7F22F8C0E41B2C80 /* Pods_travel.framework in Frameworks */,
			);
			runOnlyForDeploymentPostprocessing = 0;
		};
/* End PBXFrameworksBuildPhase section */

/* Begin PBXGroup section */
		31954F734AB2F3E41940E8F3 /* Pods */ = {
			isa = PBXGroup;
			children = (
				EFEB44FD2B420B46E32A88A6 /* Pods.debug.xcconfig */,
				D3049DF968A66FF18CC58EFE /* Pods.release.xcconfig */,
			);
			name = Pods;
			sourceTree = "<group>";
		};
		3A5222D11CA43F5D001BD1C7 /* Classes */ = {
			isa = PBXGroup;
			children = (
				3A5222D21CA43F5D001BD1C7 /* AVOSCloudSNS.h */,
				3A5222D31CA43F5D001BD1C7 /* AVOSCloudSNS.m */,
				3A5222D41CA43F5D001BD1C7 /* AVOSCloudSNS_.h */,
				3A5222D51CA43F5D001BD1C7 /* AVOSCloudSNSUtils.h */,
				3A5222D61CA43F5D001BD1C7 /* AVOSCloudSNSUtils.m */,
				3A5222D71CA43F5D001BD1C7 /* AVSNSHttpClient.h */,
				3A5222D81CA43F5D001BD1C7 /* AVSNSHttpClient.m */,
				3A5222D91CA43F5D001BD1C7 /* AVSNSLoginViewController.h */,
				3A5222DA1CA43F5D001BD1C7 /* AVSNSLoginViewController.m */,
				3A5222DB1CA43F5D001BD1C7 /* AVSNSWebViewController.h */,
				3A5222DC1CA43F5D001BD1C7 /* AVSNSWebViewController.m */,
				3A5222DD1CA43F5D001BD1C7 /* AVUser+SNS.h */,
				3A5222DE1CA43F5D001BD1C7 /* AVUser+SNS.m */,
				3A5222DF1CA43F5D001BD1C7 /* AVWebViewController.h */,
				3A5222E01CA43F5D001BD1C7 /* AVWebViewController.m */,
				3A5222E11CA43F5D001BD1C7 /* NSURL+AVAdditions.h */,
				3A5222E21CA43F5D001BD1C7 /* NSURL+AVAdditions.m */,
			);
			path = Classes;
			sourceTree = "<group>";
		};
		3AA77E271CA3F3DB0044D290 = {
			isa = PBXGroup;
			children = (
				3AA77E321CA3F3DB0044D290 /* travel */,
				3AA77E311CA3F3DB0044D290 /* Products */,
				31954F734AB2F3E41940E8F3 /* Pods */,
				67ED519B42FD5100B62E3356 /* Frameworks */,
			);
			sourceTree = "<group>";
		};
		3AA77E311CA3F3DB0044D290 /* Products */ = {
			isa = PBXGroup;
			children = (
				3AA77E301CA3F3DB0044D290 /* travel.app */,
			);
			name = Products;
			sourceTree = "<group>";
		};
		3AA77E321CA3F3DB0044D290 /* travel */ = {
			isa = PBXGroup;
			children = (
				3AA77E331CA3F3DB0044D290 /* AppDelegate.swift */,
				3AA77E351CA3F3DB0044D290 /* ViewController.swift */,
				3AA77E371CA3F3DB0044D290 /* Main.storyboard */,
				3AA77E3A1CA3F3DB0044D290 /* Assets.xcassets */,
				3AA77E3C1CA3F3DB0044D290 /* LaunchScreen.storyboard */,
				3A5222CE1CA42FA7001BD1C7 /* travel-Bridging-Header.h */,
				3AA77E3F1CA3F3DB0044D290 /* Info.plist */,
			);
			path = travel;
			sourceTree = "<group>";
		};
		67ED519B42FD5100B62E3356 /* Frameworks */ = {
			isa = PBXGroup;
			children = (
				3A5222D11CA43F5D001BD1C7 /* Classes */,
				3A5222CF1CA43E74001BD1C7 /* Pods_travel.framework */,
				E855B2F701DA261C2B869F93 /* Pods.framework */,
				1B03740BA26A2CEF045224D0 /* Pods_travel.framework */,
			);
			name = Frameworks;
			sourceTree = "<group>";
		};
/* End PBXGroup section */

/* Begin PBXNativeTarget section */
		3AA77E2F1CA3F3DB0044D290 /* travel */ = {
			isa = PBXNativeTarget;
			buildConfigurationList = 3AA77E421CA3F3DB0044D290 /* Build configuration list for PBXNativeTarget "travel" */;
			buildPhases = (
				510A4A4FE56E184BC1360B0B /* Check Pods Manifest.lock */,
				3AA77E2C1CA3F3DB0044D290 /* Sources */,
				3AA77E2D1CA3F3DB0044D290 /* Frameworks */,
				3AA77E2E1CA3F3DB0044D290 /* Resources */,
				F6D405F1ED8880AD557B6C4D /* Embed Pods Frameworks */,
				14DF5B618DFB3768B639733E /* Copy Pods Resources */,
			);
			buildRules = (
			);
			dependencies = (
			);
			name = travel;
			productName = travel;
			productReference = 3AA77E301CA3F3DB0044D290 /* travel.app */;
			productType = "com.apple.product-type.application";
		};
/* End PBXNativeTarget section */

/* Begin PBXProject section */
		3AA77E281CA3F3DB0044D290 /* Project object */ = {
			isa = PBXProject;
			attributes = {
				LastSwiftUpdateCheck = 0730;
				LastUpgradeCheck = 0730;
				ORGANIZATIONNAME = zz;
				TargetAttributes = {
					3AA77E2F1CA3F3DB0044D290 = {
						CreatedOnToolsVersion = 7.3;
					};
				};
			};
			buildConfigurationList = 3AA77E2B1CA3F3DB0044D290 /* Build configuration list for PBXProject "travel" */;
			compatibilityVersion = "Xcode 3.2";
			developmentRegion = English;
			hasScannedForEncodings = 0;
			knownRegions = (
				en,
				Base,
			);
			mainGroup = 3AA77E271CA3F3DB0044D290;
			productRefGroup = 3AA77E311CA3F3DB0044D290 /* Products */;
			projectDirPath = "";
			projectRoot = "";
			targets = (
				3AA77E2F1CA3F3DB0044D290 /* travel */,
			);
		};
/* End PBXProject section */

/* Begin PBXResourcesBuildPhase section */
		3AA77E2E1CA3F3DB0044D290 /* Resources */ = {
			isa = PBXResourcesBuildPhase;
			buildActionMask = 2147483647;
			files = (
				3AA77E3E1CA3F3DB0044D290 /* LaunchScreen.storyboard in Resources */,
				3AA77E3B1CA3F3DB0044D290 /* Assets.xcassets in Resources */,
				3AA77E391CA3F3DB0044D290 /* Main.storyboard in Resources */,
			);
			runOnlyForDeploymentPostprocessing = 0;
		};
/* End PBXResourcesBuildPhase section */

/* Begin PBXShellScriptBuildPhase section */
		14DF5B618DFB3768B639733E /* Copy Pods Resources */ = {
			isa = PBXShellScriptBuildPhase;
			buildActionMask = 2147483647;
			files = (
			);
			inputPaths = (
			);
			name = "Copy Pods Resources";
			outputPaths = (
			);
			runOnlyForDeploymentPostprocessing = 0;
			shellPath = /bin/sh;
			shellScript = "\"${SRCROOT}/Pods/Target Support Files/Pods-travel/Pods-travel-resources.sh\"\n";
			showEnvVarsInLog = 0;
		};
		510A4A4FE56E184BC1360B0B /* Check Pods Manifest.lock */ = {
			isa = PBXShellScriptBuildPhase;
			buildActionMask = 2147483647;
			files = (
			);
			inputPaths = (
			);
			name = "Check Pods Manifest.lock";
			outputPaths = (
			);
			runOnlyForDeploymentPostprocessing = 0;
			shellPath = /bin/sh;
			shellScript = "diff \"${PODS_ROOT}/../Podfile.lock\" \"${PODS_ROOT}/Manifest.lock\" > /dev/null\nif [[ $? != 0 ]] ; then\n    cat << EOM\nerror: The sandbox is not in sync with the Podfile.lock. Run 'pod install' or update your CocoaPods installation.\nEOM\n    exit 1\nfi\n";
			showEnvVarsInLog = 0;
		};
		F6D405F1ED8880AD557B6C4D /* Embed Pods Frameworks */ = {
			isa = PBXShellScriptBuildPhase;
			buildActionMask = 2147483647;
			files = (
			);
			inputPaths = (
			);
			name = "Embed Pods Frameworks";
			outputPaths = (
			);
			runOnlyForDeploymentPostprocessing = 0;
			shellPath = /bin/sh;
			shellScript = "\"${SRCROOT}/Pods/Target Support Files/Pods-travel/Pods-travel-frameworks.sh\"\n";
			showEnvVarsInLog = 0;
		};
/* End PBXShellScriptBuildPhase section */

/* Begin PBXSourcesBuildPhase section */
		3AA77E2C1CA3F3DB0044D290 /* Sources */ = {
			isa = PBXSourcesBuildPhase;
			buildActionMask = 2147483647;
			files = (
				3AA77E361CA3F3DB0044D290 /* ViewController.swift in Sources */,
				3A5222EA1CA43F5D001BD1C7 /* NSURL+AVAdditions.m in Sources */,
				3AA77E341CA3F3DB0044D290 /* AppDelegate.swift in Sources */,
				3A5222E61CA43F5D001BD1C7 /* AVSNSLoginViewController.m in Sources */,
				3A5222E31CA43F5D001BD1C7 /* AVOSCloudSNS.m in Sources */,
				3A5222E81CA43F5D001BD1C7 /* AVUser+SNS.m in Sources */,
				3A5222E41CA43F5D001BD1C7 /* AVOSCloudSNSUtils.m in Sources */,
				3A5222E71CA43F5D001BD1C7 /* AVSNSWebViewController.m in Sources */,
				3A5222E91CA43F5D001BD1C7 /* AVWebViewController.m in Sources */,
				3A5222E51CA43F5D001BD1C7 /* AVSNSHttpClient.m in Sources */,
			);
			runOnlyForDeploymentPostprocessing = 0;
		};
/* End PBXSourcesBuildPhase section */

/* Begin PBXVariantGroup section */
		3AA77E371CA3F3DB0044D290 /* Main.storyboard */ = {
			isa = PBXVariantGroup;
			children = (
				3AA77E381CA3F3DB0044D290 /* Base */,
			);
			name = Main.storyboard;
			sourceTree = "<group>";
		};
		3AA77E3C1CA3F3DB0044D290 /* LaunchScreen.storyboard */ = {
			isa = PBXVariantGroup;
			children = (
				3AA77E3D1CA3F3DB0044D290 /* Base */,
			);
			name = LaunchScreen.storyboard;
			sourceTree = "<group>";
		};
/* End PBXVariantGroup section */

/* Begin XCBuildConfiguration section */
		3AA77E401CA3F3DB0044D290 /* Debug */ = {
			isa = XCBuildConfiguration;
			buildSettings = {
				ALWAYS_SEARCH_USER_PATHS = NO;
				CLANG_ANALYZER_NONNULL = YES;
				CLANG_CXX_LANGUAGE_STANDARD = "gnu++0x";
				CLANG_CXX_LIBRARY = "libc++";
				CLANG_ENABLE_MODULES = YES;
				CLANG_ENABLE_OBJC_ARC = YES;
				CLANG_WARN_BOOL_CONVERSION = YES;
				CLANG_WARN_CONSTANT_CONVERSION = YES;
				CLANG_WARN_DIRECT_OBJC_ISA_USAGE = YES_ERROR;
				CLANG_WARN_EMPTY_BODY = YES;
				CLANG_WARN_ENUM_CONVERSION = YES;
				CLANG_WARN_INT_CONVERSION = YES;
				CLANG_WARN_OBJC_ROOT_CLASS = YES_ERROR;
				CLANG_WARN_UNREACHABLE_CODE = YES;
				CLANG_WARN__DUPLICATE_METHOD_MATCH = YES;
				"CODE_SIGN_IDENTITY[sdk=iphoneos*]" = "iPhone Developer";
				COPY_PHASE_STRIP = NO;
				DEBUG_INFORMATION_FORMAT = dwarf;
				ENABLE_STRICT_OBJC_MSGSEND = YES;
				ENABLE_TESTABILITY = YES;
				GCC_C_LANGUAGE_STANDARD = gnu99;
				GCC_DYNAMIC_NO_PIC = NO;
				GCC_NO_COMMON_BLOCKS = YES;
				GCC_OPTIMIZATION_LEVEL = 0;
				GCC_PREPROCESSOR_DEFINITIONS = (
					"DEBUG=1",
					"$(inherited)",
				);
				GCC_WARN_64_TO_32_BIT_CONVERSION = YES;
				GCC_WARN_ABOUT_RETURN_TYPE = YES_ERROR;
				GCC_WARN_UNDECLARED_SELECTOR = YES;
				GCC_WARN_UNINITIALIZED_AUTOS = YES_AGGRESSIVE;
				GCC_WARN_UNUSED_FUNCTION = YES;
				GCC_WARN_UNUSED_VARIABLE = YES;
				IPHONEOS_DEPLOYMENT_TARGET = 9.3;
				MTL_ENABLE_DEBUG_INFO = YES;
				ONLY_ACTIVE_ARCH = YES;
				SDKROOT = iphoneos;
				SWIFT_OPTIMIZATION_LEVEL = "-Onone";
			};
			name = Debug;
		};
		3AA77E411CA3F3DB0044D290 /* Release */ = {
			isa = XCBuildConfiguration;
			buildSettings = {
				ALWAYS_SEARCH_USER_PATHS = NO;
				CLANG_ANALYZER_NONNULL = YES;
				CLANG_CXX_LANGUAGE_STANDARD = "gnu++0x";
				CLANG_CXX_LIBRARY = "libc++";
				CLANG_ENABLE_MODULES = YES;
				CLANG_ENABLE_OBJC_ARC = YES;
				CLANG_WARN_BOOL_CONVERSION = YES;
				CLANG_WARN_CONSTANT_CONVERSION = YES;
				CLANG_WARN_DIRECT_OBJC_ISA_USAGE = YES_ERROR;
				CLANG_WARN_EMPTY_BODY = YES;
				CLANG_WARN_ENUM_CONVERSION = YES;
				CLANG_WARN_INT_CONVERSION = YES;
				CLANG_WARN_OBJC_ROOT_CLASS = YES_ERROR;
				CLANG_WARN_UNREACHABLE_CODE = YES;
				CLANG_WARN__DUPLICATE_METHOD_MATCH = YES;
				"CODE_SIGN_IDENTITY[sdk=iphoneos*]" = "iPhone Developer";
				COPY_PHASE_STRIP = NO;
				DEBUG_INFORMATION_FORMAT = "dwarf-with-dsym";
				ENABLE_NS_ASSERTIONS = NO;
				ENABLE_STRICT_OBJC_MSGSEND = YES;
				GCC_C_LANGUAGE_STANDARD = gnu99;
				GCC_NO_COMMON_BLOCKS = YES;
				GCC_WARN_64_TO_32_BIT_CONVERSION = YES;
				GCC_WARN_ABOUT_RETURN_TYPE = YES_ERROR;
				GCC_WARN_UNDECLARED_SELECTOR = YES;
				GCC_WARN_UNINITIALIZED_AUTOS = YES_AGGRESSIVE;
				GCC_WARN_UNUSED_FUNCTION = YES;
				GCC_WARN_UNUSED_VARIABLE = YES;
				IPHONEOS_DEPLOYMENT_TARGET = 9.3;
				MTL_ENABLE_DEBUG_INFO = NO;
				SDKROOT = iphoneos;
				VALIDATE_PRODUCT = YES;
			};
			name = Release;
		};
		3AA77E431CA3F3DB0044D290 /* Debug */ = {
			isa = XCBuildConfiguration;
			baseConfigurationReference = EFEB44FD2B420B46E32A88A6 /* Pods.debug.xcconfig */;
			buildSettings = {
				ASSETCATALOG_COMPILER_APPICON_NAME = AppIcon;
				CLANG_ENABLE_MODULES = YES;
				FRAMEWORK_SEARCH_PATHS = (
					"$(inherited)",
					"$(PROJECT_DIR)/build/Debug-iphoneos",
				);
				INFOPLIST_FILE = travel/Info.plist;
				IPHONEOS_DEPLOYMENT_TARGET = 9.0;
				LD_RUNPATH_SEARCH_PATHS = "$(inherited) @executable_path/Frameworks";
				PRODUCT_BUNDLE_IDENTIFIER = me.travel;
				PRODUCT_NAME = "$(TARGET_NAME)";
				SWIFT_OBJC_BRIDGING_HEADER = "travel/travel-Bridging-Header.h";
				SWIFT_OPTIMIZATION_LEVEL = "-Onone";
			};
			name = Debug;
		};
		3AA77E441CA3F3DB0044D290 /* Release */ = {
			isa = XCBuildConfiguration;
			baseConfigurationReference = D3049DF968A66FF18CC58EFE /* Pods.release.xcconfig */;
			buildSettings = {
				ASSETCATALOG_COMPILER_APPICON_NAME = AppIcon;
				CLANG_ENABLE_MODULES = YES;
				FRAMEWORK_SEARCH_PATHS = (
					"$(inherited)",
					"$(PROJECT_DIR)/build/Debug-iphoneos",
				);
				INFOPLIST_FILE = travel/Info.plist;
				IPHONEOS_DEPLOYMENT_TARGET = 9.0;
				LD_RUNPATH_SEARCH_PATHS = "$(inherited) @executable_path/Frameworks";
				PRODUCT_BUNDLE_IDENTIFIER = me.travel;
				PRODUCT_NAME = "$(TARGET_NAME)";
				SWIFT_OBJC_BRIDGING_HEADER = "travel/travel-Bridging-Header.h";
			};
			name = Release;
		};
/* End XCBuildConfiguration section */

/* Begin XCConfigurationList section */
		3AA77E2B1CA3F3DB0044D290 /* Build configuration list for PBXProject "travel" */ = {
			isa = XCConfigurationList;
			buildConfigurations = (
				3AA77E401CA3F3DB0044D290 /* Debug */,
				3AA77E411CA3F3DB0044D290 /* Release */,
			);
			defaultConfigurationIsVisible = 0;
			defaultConfigurationName = Release;
		};
		3AA77E421CA3F3DB0044D290 /* Build configuration list for PBXNativeTarget "travel" */ = {
			isa = XCConfigurationList;
			buildConfigurations = (
				3AA77E431CA3F3DB0044D290 /* Debug */,
				3AA77E441CA3F3DB0044D290 /* Release */,
			);
			defaultConfigurationIsVisible = 0;
			defaultConfigurationName = Release;
		};
/* End XCConfigurationList section */
	};
	rootObject = 3AA77E281CA3F3DB0044D290 /* Project object */;
}
